// !$*UTF8*$!
{
	archiveVersion = 1;
	classes = {
	};
	objectVersion = 48;
	objects = {

/* Begin PBXBuildFile section */
		9568F7B41FAA330D00A19056 /* Graphing.swift in Sources */ = {isa = PBXBuildFile; fileRef = 9568F7B31FAA330D00A19056 /* Graphing.swift */; };
		959C0FD51FA7BEC700EFFEC6 /* FileOutput.swift in Sources */ = {isa = PBXBuildFile; fileRef = 959C0FD41FA7BEC700EFFEC6 /* FileOutput.swift */; };
		959C0FF11FA9E65400EFFEC6 /* AppDelegate.swift in Sources */ = {isa = PBXBuildFile; fileRef = 959C0FF01FA9E65400EFFEC6 /* AppDelegate.swift */; };
		959C0FF31FA9E65400EFFEC6 /* ViewController.swift in Sources */ = {isa = PBXBuildFile; fileRef = 959C0FF21FA9E65400EFFEC6 /* ViewController.swift */; };
		959C0FF51FA9E65400EFFEC6 /* Assets.xcassets in Resources */ = {isa = PBXBuildFile; fileRef = 959C0FF41FA9E65400EFFEC6 /* Assets.xcassets */; };
		959C0FF81FA9E65400EFFEC6 /* Main.storyboard in Resources */ = {isa = PBXBuildFile; fileRef = 959C0FF61FA9E65400EFFEC6 /* Main.storyboard */; };
		959C0FFF1FA9E69400EFFEC6 /* FileOutput.swift in Sources */ = {isa = PBXBuildFile; fileRef = 959C0FD41FA7BEC700EFFEC6 /* FileOutput.swift */; };
		959C10001FA9E69400EFFEC6 /* Simulation.swift in Sources */ = {isa = PBXBuildFile; fileRef = 95B0F0AF1F8837FB009931E7 /* Simulation.swift */; };
		959C10011FA9E69400EFFEC6 /* Person.swift in Sources */ = {isa = PBXBuildFile; fileRef = 95B0F0A91F8837CF009931E7 /* Person.swift */; };
		959C10021FA9E69400EFFEC6 /* Product.swift in Sources */ = {isa = PBXBuildFile; fileRef = 95B0F0AB1F8837CF009931E7 /* Product.swift */; };
		959C10031FA9E69400EFFEC6 /* Helpers.swift in Sources */ = {isa = PBXBuildFile; fileRef = 95B0F0B51F893317009931E7 /* Helpers.swift */; };
		959C10041FA9E69400EFFEC6 /* Randomization.swift in Sources */ = {isa = PBXBuildFile; fileRef = 95B0F0AA1F8837CF009931E7 /* Randomization.swift */; };
		959C10061FA9EAE600EFFEC6 /* Logger.swift in Sources */ = {isa = PBXBuildFile; fileRef = 959C10051FA9EAE600EFFEC6 /* Logger.swift */; };
		95B0F09D1F883792009931E7 /* main.swift in Sources */ = {isa = PBXBuildFile; fileRef = 95B0F09C1F883792009931E7 /* main.swift */; };
		95B0F0AC1F8837CF009931E7 /* Person.swift in Sources */ = {isa = PBXBuildFile; fileRef = 95B0F0A91F8837CF009931E7 /* Person.swift */; };
		95B0F0AD1F8837CF009931E7 /* Randomization.swift in Sources */ = {isa = PBXBuildFile; fileRef = 95B0F0AA1F8837CF009931E7 /* Randomization.swift */; };
		95B0F0AE1F8837CF009931E7 /* Product.swift in Sources */ = {isa = PBXBuildFile; fileRef = 95B0F0AB1F8837CF009931E7 /* Product.swift */; };
		95B0F0B01F8837FB009931E7 /* Simulation.swift in Sources */ = {isa = PBXBuildFile; fileRef = 95B0F0AF1F8837FB009931E7 /* Simulation.swift */; };
		95B0F0B61F893317009931E7 /* Helpers.swift in Sources */ = {isa = PBXBuildFile; fileRef = 95B0F0B51F893317009931E7 /* Helpers.swift */; };
/* End PBXBuildFile section */

/* Begin PBXCopyFilesBuildPhase section */
		95B0F0971F883792009931E7 /* CopyFiles */ = {
			isa = PBXCopyFilesBuildPhase;
			buildActionMask = 2147483647;
			dstPath = /usr/share/man/man1/;
			dstSubfolderSpec = 0;
			files = (
			);
			runOnlyForDeploymentPostprocessing = 1;
		};
/* End PBXCopyFilesBuildPhase section */

/* Begin PBXFileReference section */
		9568F7B31FAA330D00A19056 /* Graphing.swift */ = {isa = PBXFileReference; lastKnownFileType = sourcecode.swift; path = Graphing.swift; sourceTree = "<group>"; };
		959C0FD41FA7BEC700EFFEC6 /* FileOutput.swift */ = {isa = PBXFileReference; lastKnownFileType = sourcecode.swift; path = FileOutput.swift; sourceTree = "<group>"; };
		959C0FEE1FA9E65400EFFEC6 /* Trend Simulator Visual.app */ = {isa = PBXFileReference; explicitFileType = wrapper.application; includeInIndex = 0; path = "Trend Simulator Visual.app"; sourceTree = BUILT_PRODUCTS_DIR; };
		959C0FF01FA9E65400EFFEC6 /* AppDelegate.swift */ = {isa = PBXFileReference; lastKnownFileType = sourcecode.swift; path = AppDelegate.swift; sourceTree = "<group>"; };
		959C0FF21FA9E65400EFFEC6 /* ViewController.swift */ = {isa = PBXFileReference; lastKnownFileType = sourcecode.swift; path = ViewController.swift; sourceTree = "<group>"; };
		959C0FF41FA9E65400EFFEC6 /* Assets.xcassets */ = {isa = PBXFileReference; lastKnownFileType = folder.assetcatalog; path = Assets.xcassets; sourceTree = "<group>"; };
		959C0FF71FA9E65400EFFEC6 /* Base */ = {isa = PBXFileReference; lastKnownFileType = file.storyboard; name = Base; path = Base.lproj/Main.storyboard; sourceTree = "<group>"; };
		959C0FF91FA9E65400EFFEC6 /* Info.plist */ = {isa = PBXFileReference; lastKnownFileType = text.plist.xml; path = Info.plist; sourceTree = "<group>"; };
		959C0FFA1FA9E65400EFFEC6 /* Trend_Simulator_Visual.entitlements */ = {isa = PBXFileReference; lastKnownFileType = text.plist.entitlements; path = Trend_Simulator_Visual.entitlements; sourceTree = "<group>"; };
		959C10051FA9EAE600EFFEC6 /* Logger.swift */ = {isa = PBXFileReference; lastKnownFileType = sourcecode.swift; path = Logger.swift; sourceTree = "<group>"; };
		95B0F0991F883792009931E7 /* Trend Simulator */ = {isa = PBXFileReference; explicitFileType = "compiled.mach-o.executable"; includeInIndex = 0; name = "Trend Simulator"; path = "Trend Simulator Text"; sourceTree = BUILT_PRODUCTS_DIR; };
		95B0F09C1F883792009931E7 /* main.swift */ = {isa = PBXFileReference; lastKnownFileType = sourcecode.swift; path = main.swift; sourceTree = "<group>"; };
		95B0F0A91F8837CF009931E7 /* Person.swift */ = {isa = PBXFileReference; lastKnownFileType = sourcecode.swift; path = Person.swift; sourceTree = "<group>"; };
		95B0F0AA1F8837CF009931E7 /* Randomization.swift */ = {isa = PBXFileReference; lastKnownFileType = sourcecode.swift; path = Randomization.swift; sourceTree = "<group>"; };
		95B0F0AB1F8837CF009931E7 /* Product.swift */ = {isa = PBXFileReference; lastKnownFileType = sourcecode.swift; path = Product.swift; sourceTree = "<group>"; };
		95B0F0AF1F8837FB009931E7 /* Simulation.swift */ = {isa = PBXFileReference; lastKnownFileType = sourcecode.swift; path = Simulation.swift; sourceTree = "<group>"; };
		95B0F0B51F893317009931E7 /* Helpers.swift */ = {isa = PBXFileReference; lastKnownFileType = sourcecode.swift; path = Helpers.swift; sourceTree = "<group>"; };
/* End PBXFileReference section */

/* Begin PBXFrameworksBuildPhase section */
		959C0FEB1FA9E65400EFFEC6 /* Frameworks */ = {
			isa = PBXFrameworksBuildPhase;
			buildActionMask = 2147483647;
			files = (
			);
			runOnlyForDeploymentPostprocessing = 0;
		};
		95B0F0961F883792009931E7 /* Frameworks */ = {
			isa = PBXFrameworksBuildPhase;
			buildActionMask = 2147483647;
			files = (
			);
			runOnlyForDeploymentPostprocessing = 0;
		};
/* End PBXFrameworksBuildPhase section */

/* Begin PBXGroup section */
		959C0FEF1FA9E65400EFFEC6 /* Trend Simulator Visual */ = {
			isa = PBXGroup;
			children = (
				959C0FF01FA9E65400EFFEC6 /* AppDelegate.swift */,
				959C0FF21FA9E65400EFFEC6 /* ViewController.swift */,
				9568F7B31FAA330D00A19056 /* Graphing.swift */,
				959C0FF41FA9E65400EFFEC6 /* Assets.xcassets */,
				959C0FF61FA9E65400EFFEC6 /* Main.storyboard */,
				959C0FF91FA9E65400EFFEC6 /* Info.plist */,
				959C0FFA1FA9E65400EFFEC6 /* Trend_Simulator_Visual.entitlements */,
			);
			path = "Trend Simulator Visual";
			sourceTree = "<group>";
		};
		959C0FFE1FA9E66100EFFEC6 /* Trend Simulator Text */ = {
			isa = PBXGroup;
			children = (
				95B0F09C1F883792009931E7 /* main.swift */,
			);
			path = "Trend Simulator Text";
			sourceTree = "<group>";
		};
		95B0F0901F883792009931E7 = {
			isa = PBXGroup;
			children = (
				95B0F09B1F883792009931E7 /* Trend Simulator */,
				959C0FFE1FA9E66100EFFEC6 /* Trend Simulator Text */,
				959C0FEF1FA9E65400EFFEC6 /* Trend Simulator Visual */,
				95B0F09A1F883792009931E7 /* Products */,
			);
			sourceTree = "<group>";
		};
		95B0F09A1F883792009931E7 /* Products */ = {
			isa = PBXGroup;
			children = (
				95B0F0991F883792009931E7 /* Trend Simulator */,
				959C0FEE1FA9E65400EFFEC6 /* Trend Simulator Visual.app */,
			);
			name = Products;
			sourceTree = "<group>";
		};
		95B0F09B1F883792009931E7 /* Trend Simulator */ = {
			isa = PBXGroup;
			children = (
				959C0FD41FA7BEC700EFFEC6 /* FileOutput.swift */,
				959C10051FA9EAE600EFFEC6 /* Logger.swift */,
				95B0F0AF1F8837FB009931E7 /* Simulation.swift */,
				95B0F0A91F8837CF009931E7 /* Person.swift */,
				95B0F0AB1F8837CF009931E7 /* Product.swift */,
				95B0F0B51F893317009931E7 /* Helpers.swift */,
				95B0F0AA1F8837CF009931E7 /* Randomization.swift */,
			);
			path = "Trend Simulator";
			sourceTree = "<group>";
		};
/* End PBXGroup section */

/* Begin PBXNativeTarget section */
		959C0FED1FA9E65400EFFEC6 /* Trend Simulator Visual */ = {
			isa = PBXNativeTarget;
			buildConfigurationList = 959C0FFB1FA9E65400EFFEC6 /* Build configuration list for PBXNativeTarget "Trend Simulator Visual" */;
			buildPhases = (
				959C0FEA1FA9E65400EFFEC6 /* Sources */,
				959C0FEB1FA9E65400EFFEC6 /* Frameworks */,
				959C0FEC1FA9E65400EFFEC6 /* Resources */,
			);
			buildRules = (
			);
			dependencies = (
			);
			name = "Trend Simulator Visual";
			productName = "Trend Simulator Visual";
			productReference = 959C0FEE1FA9E65400EFFEC6 /* Trend Simulator Visual.app */;
			productType = "com.apple.product-type.application";
		};
		95B0F0981F883792009931E7 /* Trend Simulator Text */ = {
			isa = PBXNativeTarget;
			buildConfigurationList = 95B0F0A01F883792009931E7 /* Build configuration list for PBXNativeTarget "Trend Simulator Text" */;
			buildPhases = (
				95B0F0951F883792009931E7 /* Sources */,
				95B0F0961F883792009931E7 /* Frameworks */,
				95B0F0971F883792009931E7 /* CopyFiles */,
			);
			buildRules = (
			);
			dependencies = (
			);
			name = "Trend Simulator Text";
			productName = "Trend Simulator";
			productReference = 95B0F0991F883792009931E7 /* Trend Simulator */;
			productType = "com.apple.product-type.tool";
		};
/* End PBXNativeTarget section */

/* Begin PBXProject section */
		95B0F0911F883792009931E7 /* Project object */ = {
			isa = PBXProject;
			attributes = {
				LastSwiftUpdateCheck = 0900;
				LastUpgradeCheck = 0900;
				ORGANIZATIONNAME = "Julian Dunskus";
				TargetAttributes = {
					959C0FED1FA9E65400EFFEC6 = {
						CreatedOnToolsVersion = 9.0.1;
						ProvisioningStyle = Automatic;
					};
					95B0F0981F883792009931E7 = {
						CreatedOnToolsVersion = 9.0;
						ProvisioningStyle = Automatic;
					};
				};
			};
			buildConfigurationList = 95B0F0941F883792009931E7 /* Build configuration list for PBXProject "Trend Simulator" */;
			compatibilityVersion = "Xcode 8.0";
			developmentRegion = en;
			hasScannedForEncodings = 0;
			knownRegions = (
				en,
				Base,
			);
			mainGroup = 95B0F0901F883792009931E7;
			productRefGroup = 95B0F09A1F883792009931E7 /* Products */;
			projectDirPath = "";
			projectRoot = "";
			targets = (
				95B0F0981F883792009931E7 /* Trend Simulator Text */,
				959C0FED1FA9E65400EFFEC6 /* Trend Simulator Visual */,
			);
		};
/* End PBXProject section */

/* Begin PBXResourcesBuildPhase section */
		959C0FEC1FA9E65400EFFEC6 /* Resources */ = {
			isa = PBXResourcesBuildPhase;
			buildActionMask = 2147483647;
			files = (
				959C0FF51FA9E65400EFFEC6 /* Assets.xcassets in Resources */,
				959C0FF81FA9E65400EFFEC6 /* Main.storyboard in Resources */,
			);
			runOnlyForDeploymentPostprocessing = 0;
		};
/* End PBXResourcesBuildPhase section */

/* Begin PBXSourcesBuildPhase section */
		959C0FEA1FA9E65400EFFEC6 /* Sources */ = {
			isa = PBXSourcesBuildPhase;
			buildActionMask = 2147483647;
			files = (
				959C10011FA9E69400EFFEC6 /* Person.swift in Sources */,
				9568F7B41FAA330D00A19056 /* Graphing.swift in Sources */,
				959C10031FA9E69400EFFEC6 /* Helpers.swift in Sources */,
				959C10001FA9E69400EFFEC6 /* Simulation.swift in Sources */,
				959C0FF31FA9E65400EFFEC6 /* ViewController.swift in Sources */,
				959C0FFF1FA9E69400EFFEC6 /* FileOutput.swift in Sources */,
				959C10041FA9E69400EFFEC6 /* Randomization.swift in Sources */,
				959C0FF11FA9E65400EFFEC6 /* AppDelegate.swift in Sources */,
				959C10021FA9E69400EFFEC6 /* Product.swift in Sources */,
			);
			runOnlyForDeploymentPostprocessing = 0;
		};
		95B0F0951F883792009931E7 /* Sources */ = {
			isa = PBXSourcesBuildPhase;
			buildActionMask = 2147483647;
			files = (
				95B0F0AC1F8837CF009931E7 /* Person.swift in Sources */,
				95B0F0B61F893317009931E7 /* Helpers.swift in Sources */,
				95B0F0AE1F8837CF009931E7 /* Product.swift in Sources */,
				959C0FD51FA7BEC700EFFEC6 /* FileOutput.swift in Sources */,
				95B0F0B01F8837FB009931E7 /* Simulation.swift in Sources */,
				95B0F0AD1F8837CF009931E7 /* Randomization.swift in Sources */,
				95B0F09D1F883792009931E7 /* main.swift in Sources */,
				959C10061FA9EAE600EFFEC6 /* Logger.swift in Sources */,
			);
			runOnlyForDeploymentPostprocessing = 0;
		};
/* End PBXSourcesBuildPhase section */

/* Begin PBXVariantGroup section */
		959C0FF61FA9E65400EFFEC6 /* Main.storyboard */ = {
			isa = PBXVariantGroup;
			children = (
				959C0FF71FA9E65400EFFEC6 /* Base */,
			);
			name = Main.storyboard;
			sourceTree = "<group>";
		};
/* End PBXVariantGroup section */

/* Begin XCBuildConfiguration section */
		959C0FFC1FA9E65400EFFEC6 /* Debug */ = {
			isa = XCBuildConfiguration;
			buildSettings = {
				ASSETCATALOG_COMPILER_APPICON_NAME = AppIcon;
				CODE_SIGN_ENTITLEMENTS = "Trend Simulator Visual/Trend_Simulator_Visual.entitlements";
				CODE_SIGN_STYLE = Automatic;
				COMBINE_HIDPI_IMAGES = YES;
				DEVELOPMENT_TEAM = V2EPDFA9PV;
				INFOPLIST_FILE = "Trend Simulator Visual/Info.plist";
				LD_RUNPATH_SEARCH_PATHS = "$(inherited) @executable_path/../Frameworks";
				PRODUCT_BUNDLE_IDENTIFIER = "com.juliand665.Trend-Simulator-Visual";
				PRODUCT_NAME = "$(TARGET_NAME)";
				SWIFT_VERSION = 4.0;
			};
			name = Debug;
		};
		959C0FFD1FA9E65400EFFEC6 /* Release */ = {
			isa = XCBuildConfiguration;
			buildSettings = {
				ASSETCATALOG_COMPILER_APPICON_NAME = AppIcon;
				CODE_SIGN_ENTITLEMENTS = "Trend Simulator Visual/Trend_Simulator_Visual.entitlements";
				CODE_SIGN_STYLE = Automatic;
				COMBINE_HIDPI_IMAGES = YES;
				DEVELOPMENT_TEAM = V2EPDFA9PV;
				INFOPLIST_FILE = "Trend Simulator Visual/Info.plist";
				LD_RUNPATH_SEARCH_PATHS = "$(inherited) @executable_path/../Frameworks";
				PRODUCT_BUNDLE_IDENTIFIER = "com.juliand665.Trend-Simulator-Visual";
				PRODUCT_NAME = "$(TARGET_NAME)";
				SWIFT_VERSION = 4.0;
			};
			name = Release;
		};
		95B0F09E1F883792009931E7 /* Debug */ = {
			isa = XCBuildConfiguration;
			buildSettings = {
				ALWAYS_SEARCH_USER_PATHS = NO;
				CLANG_ANALYZER_NONNULL = YES;
				CLANG_ANALYZER_NUMBER_OBJECT_CONVERSION = YES_AGGRESSIVE;
				CLANG_CXX_LANGUAGE_STANDARD = "gnu++14";
				CLANG_CXX_LIBRARY = "libc++";
				CLANG_ENABLE_MODULES = YES;
				CLANG_ENABLE_OBJC_ARC = YES;
				CLANG_WARN_BLOCK_CAPTURE_AUTORELEASING = YES;
				CLANG_WARN_BOOL_CONVERSION = YES;
				CLANG_WARN_COMMA = YES;
				CLANG_WARN_CONSTANT_CONVERSION = YES;
				CLANG_WARN_DIRECT_OBJC_ISA_USAGE = YES_ERROR;
				CLANG_WARN_DOCUMENTATION_COMMENTS = YES;
				CLANG_WARN_EMPTY_BODY = YES;
				CLANG_WARN_ENUM_CONVERSION = YES;
				CLANG_WARN_INFINITE_RECURSION = YES;
				CLANG_WARN_INT_CONVERSION = YES;
				CLANG_WARN_NON_LITERAL_NULL_CONVERSION = YES;
				CLANG_WARN_OBJC_LITERAL_CONVERSION = YES;
				CLANG_WARN_OBJC_ROOT_CLASS = YES_ERROR;
				CLANG_WARN_RANGE_LOOP_ANALYSIS = YES;
				CLANG_WARN_STRICT_PROTOTYPES = YES;
				CLANG_WARN_SUSPICIOUS_MOVE = YES;
				CLANG_WARN_UNGUARDED_AVAILABILITY = YES_AGGRESSIVE;
				CLANG_WARN_UNREACHABLE_CODE = YES;
				CLANG_WARN__DUPLICATE_METHOD_MATCH = YES;
				CODE_SIGN_IDENTITY = "Mac Developer";
				COPY_PHASE_STRIP = NO;
				DEBUG_INFORMATION_FORMAT = dwarf;
				ENABLE_STRICT_OBJC_MSGSEND = YES;
				ENABLE_TESTABILITY = YES;
				GCC_C_LANGUAGE_STANDARD = gnu11;
				GCC_DYNAMIC_NO_PIC = NO;
				GCC_NO_COMMON_BLOCKS = YES;
				GCC_OPTIMIZATION_LEVEL = 0;
				GCC_PREPROCESSOR_DEFINITIONS = (
					"DEBUG=1",
					"$(inherited)",
				);
				GCC_WARN_64_TO_32_BIT_CONVERSION = YES;
				GCC_WARN_ABOUT_RETURN_TYPE = YES_ERROR;
				GCC_WARN_UNDECLARED_SELECTOR = YES;
				GCC_WARN_UNINITIALIZED_AUTOS = YES_AGGRESSIVE;
				GCC_WARN_UNUSED_FUNCTION = YES;
				GCC_WARN_UNUSED_VARIABLE = YES;
				MACOSX_DEPLOYMENT_TARGET = 10.13;
				MTL_ENABLE_DEBUG_INFO = YES;
				ONLY_ACTIVE_ARCH = YES;
				SDKROOT = macosx;
				SWIFT_ACTIVE_COMPILATION_CONDITIONS = DEBUG;
				SWIFT_OPTIMIZATION_LEVEL = "-Onone";
			};
			name = Debug;
		};
		95B0F09F1F883792009931E7 /* Release */ = {
			isa = XCBuildConfiguration;
			buildSettings = {
				ALWAYS_SEARCH_USER_PATHS = NO;
				CLANG_ANALYZER_NONNULL = YES;
				CLANG_ANALYZER_NUMBER_OBJECT_CONVERSION = YES_AGGRESSIVE;
				CLANG_CXX_LANGUAGE_STANDARD = "gnu++14";
				CLANG_CXX_LIBRARY = "libc++";
				CLANG_ENABLE_MODULES = YES;
				CLANG_ENABLE_OBJC_ARC = YES;
				CLANG_WARN_BLOCK_CAPTURE_AUTORELEASING = YES;
				CLANG_WARN_BOOL_CONVERSION = YES;
				CLANG_WARN_COMMA = YES;
				CLANG_WARN_CONSTANT_CONVERSION = YES;
				CLANG_WARN_DIRECT_OBJC_ISA_USAGE = YES_ERROR;
				CLANG_WARN_DOCUMENTATION_COMMENTS = YES;
				CLANG_WARN_EMPTY_BODY = YES;
				CLANG_WARN_ENUM_CONVERSION = YES;
				CLANG_WARN_INFINITE_RECURSION = YES;
				CLANG_WARN_INT_CONVERSION = YES;
				CLANG_WARN_NON_LITERAL_NULL_CONVERSION = YES;
				CLANG_WARN_OBJC_LITERAL_CONVERSION = YES;
				CLANG_WARN_OBJC_ROOT_CLASS = YES_ERROR;
				CLANG_WARN_RANGE_LOOP_ANALYSIS = YES;
				CLANG_WARN_STRICT_PROTOTYPES = YES;
				CLANG_WARN_SUSPICIOUS_MOVE = YES;
				CLANG_WARN_UNGUARDED_AVAILABILITY = YES_AGGRESSIVE;
				CLANG_WARN_UNREACHABLE_CODE = YES;
				CLANG_WARN__DUPLICATE_METHOD_MATCH = YES;
				CODE_SIGN_IDENTITY = "Mac Developer";
				COPY_PHASE_STRIP = NO;
				DEBUG_INFORMATION_FORMAT = "dwarf-with-dsym";
				ENABLE_NS_ASSERTIONS = NO;
				ENABLE_STRICT_OBJC_MSGSEND = YES;
				GCC_C_LANGUAGE_STANDARD = gnu11;
				GCC_NO_COMMON_BLOCKS = YES;
				GCC_WARN_64_TO_32_BIT_CONVERSION = YES;
				GCC_WARN_ABOUT_RETURN_TYPE = YES_ERROR;
				GCC_WARN_UNDECLARED_SELECTOR = YES;
				GCC_WARN_UNINITIALIZED_AUTOS = YES_AGGRESSIVE;
				GCC_WARN_UNUSED_FUNCTION = YES;
				GCC_WARN_UNUSED_VARIABLE = YES;
				MACOSX_DEPLOYMENT_TARGET = 10.13;
				MTL_ENABLE_DEBUG_INFO = NO;
				SDKROOT = macosx;
				SWIFT_OPTIMIZATION_LEVEL = "-Owholemodule";
			};
			name = Release;
		};
		95B0F0A11F883792009931E7 /* Debug */ = {
			isa = XCBuildConfiguration;
			buildSettings = {
				CODE_SIGN_STYLE = Automatic;
				DEVELOPMENT_TEAM = V2EPDFA9PV;
				PRODUCT_NAME = "$(TARGET_NAME)";
				SWIFT_VERSION = 4.0;
			};
			name = Debug;
		};
		95B0F0A21F883792009931E7 /* Release */ = {
			isa = XCBuildConfiguration;
			buildSettings = {
				CODE_SIGN_STYLE = Automatic;
				DEVELOPMENT_TEAM = V2EPDFA9PV;
				PRODUCT_NAME = "$(TARGET_NAME)";
				SWIFT_VERSION = 4.0;
			};
			name = Release;
		};
/* End XCBuildConfiguration section */

/* Begin XCConfigurationList section */
		959C0FFB1FA9E65400EFFEC6 /* Build configuration list for PBXNativeTarget "Trend Simulator Visual" */ = {
			isa = XCConfigurationList;
			buildConfigurations = (
				959C0FFC1FA9E65400EFFEC6 /* Debug */,
				959C0FFD1FA9E65400EFFEC6 /* Release */,
			);
			defaultConfigurationIsVisible = 0;
			defaultConfigurationName = Release;
		};
		95B0F0941F883792009931E7 /* Build configuration list for PBXProject "Trend Simulator" */ = {
			isa = XCConfigurationList;
			buildConfigurations = (
				95B0F09E1F883792009931E7 /* Debug */,
				95B0F09F1F883792009931E7 /* Release */,
			);
			defaultConfigurationIsVisible = 0;
			defaultConfigurationName = Release;
		};
		95B0F0A01F883792009931E7 /* Build configuration list for PBXNativeTarget "Trend Simulator Text" */ = {
			isa = XCConfigurationList;
			buildConfigurations = (
				95B0F0A11F883792009931E7 /* Debug */,
				95B0F0A21F883792009931E7 /* Release */,
			);
			defaultConfigurationIsVisible = 0;
			defaultConfigurationName = Release;
		};
/* End XCConfigurationList section */
	};
	rootObject = 95B0F0911F883792009931E7 /* Project object */;
}
